
Microsoft Visual Studio Solution File, Format Version 12.00
# Visual Studio Version 16
VisualStudioVersion = 16.0.808.2
MinimumVisualStudioVersion = 10.0.40219.1
Project("{FAE04EC0-301F-11D3-BF4B-00C04F79EFBC}") = "ToutBox.Challenge.Contracts", "ToutBox.Challenge.Contracts.csproj", "{5201D20B-7748-4CF7-97E1-02DCDEA20D39}"
EndProject
Global
	GlobalSection(SolutionConfigurationPlatforms) = preSolution
		Debug|Any CPU = Debug|Any CPU
		Release|Any CPU = Release|Any CPU
	EndGlobalSection
	GlobalSection(ProjectConfigurationPlatforms) = postSolution
		{5201D20B-7748-4CF7-97E1-02DCDEA20D39}.Debug|Any CPU.ActiveCfg = Debug|Any CPU
		{5201D20B-7748-4CF7-97E1-02DCDEA20D39}.Debug|Any CPU.Build.0 = Debug|Any CPU
		{5201D20B-7748-4CF7-97E1-02DCDEA20D39}.Release|Any CPU.ActiveCfg = Release|Any CPU
		{5201D20B-7748-4CF7-97E1-02DCDEA20D39}.Release|Any CPU.Build.0 = Release|Any CPU
	EndGlobalSection
	GlobalSection(SolutionProperties) = preSolution
		HideSolutionNode = FALSE
	EndGlobalSection
	GlobalSection(ExtensibilityGlobals) = postSolution
		SolutionGuid = {84347EF1-1F31-4F15-B7EF-E2F95F859AE2}
	EndGlobalSection
EndGlobal
